
Microsoft Visual Studio Solution File, Format Version 12.00
# Visual Studio Version 17
VisualStudioVersion = 17.3.32922.545
MinimumVisualStudioVersion = 10.0.40219.1
Project("{2150E333-8FDC-42A3-9474-1A3956D46DE8}") = "SimulatorApps", "SimulatorApps", "{821E6BE8-9C8C-481D-93EC-4E5C331550F4}"
EndProject
Project("{9A19103F-16F7-4668-BE54-9A1E7A4F7556}") = "Simulator", "Simulator\Simulator.csproj", "{201A305A-3422-4E64-825B-3ED5AE1FAD7D}"
EndProject
Project("{9A19103F-16F7-4668-BE54-9A1E7A4F7556}") = "DateModel", "DateModel\DateModel.csproj", "{F16C7279-96FB-424D-951C-987B3237961A}"
EndProject
Project("{9A19103F-16F7-4668-BE54-9A1E7A4F7556}") = "WebAPI", "WebAPI\WebAPI.csproj", "{84759633-FA32-4D6D-867A-E261D6758F7D}"
	ProjectSection(ProjectDependencies) = postProject
		{F16C7279-96FB-424D-951C-987B3237961A} = {F16C7279-96FB-424D-951C-987B3237961A}
	EndProjectSection
EndProject
Project("{9A19103F-16F7-4668-BE54-9A1E7A4F7556}") = "Monitor", "Monitor\Monitor.csproj", "{91520F35-DC6B-4C70-A622-C527BDB9EAB9}"
EndProject
Project("{9A19103F-16F7-4668-BE54-9A1E7A4F7556}") = "Communicator", "Communicator\Communicator.csproj", "{D71F5B3B-9675-439E-8FC0-D797BED3FDED}"
EndProject
Project("{2150E333-8FDC-42A3-9474-1A3956D46DE8}") = "OtherConsumers", "OtherConsumers", "{B5D692A7-C5EF-4C4A-A9F7-F612895D54A3}"
EndProject
Project("{FAE04EC0-301F-11D3-BF4B-00C04F79EFBC}") = "Consumer", "Consumer\Consumer.csproj", "{EDBCB722-EDFF-42BB-B904-C14381BA2774}"
EndProject
Project("{FAE04EC0-301F-11D3-BF4B-00C04F79EFBC}") = "ConsoleConsumer", "ConsoleConsumer\ConsoleConsumer.csproj", "{C310AC39-2066-4648-AFDB-77F61454DDF3}"
	ProjectSection(ProjectDependencies) = postProject
		{D71F5B3B-9675-439E-8FC0-D797BED3FDED} = {D71F5B3B-9675-439E-8FC0-D797BED3FDED}
	EndProjectSection
EndProject
Global
	GlobalSection(SolutionConfigurationPlatforms) = preSolution
		Debug|Any CPU = Debug|Any CPU
		Debug|x64 = Debug|x64
		Debug|x86 = Debug|x86
		Release|Any CPU = Release|Any CPU
		Release|x64 = Release|x64
		Release|x86 = Release|x86
	EndGlobalSection
	GlobalSection(ProjectConfigurationPlatforms) = postSolution
		{201A305A-3422-4E64-825B-3ED5AE1FAD7D}.Debug|Any CPU.ActiveCfg = Debug|Any CPU
		{201A305A-3422-4E64-825B-3ED5AE1FAD7D}.Debug|Any CPU.Build.0 = Debug|Any CPU
		{201A305A-3422-4E64-825B-3ED5AE1FAD7D}.Debug|x64.ActiveCfg = Debug|Any CPU
		{201A305A-3422-4E64-825B-3ED5AE1FAD7D}.Debug|x64.Build.0 = Debug|Any CPU
		{201A305A-3422-4E64-825B-3ED5AE1FAD7D}.Debug|x86.ActiveCfg = Debug|Any CPU
		{201A305A-3422-4E64-825B-3ED5AE1FAD7D}.Debug|x86.Build.0 = Debug|Any CPU
		{201A305A-3422-4E64-825B-3ED5AE1FAD7D}.Release|Any CPU.ActiveCfg = Release|Any CPU
		{201A305A-3422-4E64-825B-3ED5AE1FAD7D}.Release|Any CPU.Build.0 = Release|Any CPU
		{201A305A-3422-4E64-825B-3ED5AE1FAD7D}.Release|x64.ActiveCfg = Release|Any CPU
		{201A305A-3422-4E64-825B-3ED5AE1FAD7D}.Release|x64.Build.0 = Release|Any CPU
		{201A305A-3422-4E64-825B-3ED5AE1FAD7D}.Release|x86.ActiveCfg = Release|Any CPU
		{201A305A-3422-4E64-825B-3ED5AE1FAD7D}.Release|x86.Build.0 = Release|Any CPU
		{F16C7279-96FB-424D-951C-987B3237961A}.Debug|Any CPU.ActiveCfg = Debug|Any CPU
		{F16C7279-96FB-424D-951C-987B3237961A}.Debug|Any CPU.Build.0 = Debug|Any CPU
		{F16C7279-96FB-424D-951C-987B3237961A}.Debug|x64.ActiveCfg = Debug|Any CPU
		{F16C7279-96FB-424D-951C-987B3237961A}.Debug|x64.Build.0 = Debug|Any CPU
		{F16C7279-96FB-424D-951C-987B3237961A}.Debug|x86.ActiveCfg = Debug|Any CPU
		{F16C7279-96FB-424D-951C-987B3237961A}.Debug|x86.Build.0 = Debug|Any CPU
		{F16C7279-96FB-424D-951C-987B3237961A}.Release|Any CPU.ActiveCfg = Release|Any CPU
		{F16C7279-96FB-424D-951C-987B3237961A}.Release|Any CPU.Build.0 = Release|Any CPU
		{F16C7279-96FB-424D-951C-987B3237961A}.Release|x64.ActiveCfg = Release|Any CPU
		{F16C7279-96FB-424D-951C-987B3237961A}.Release|x64.Build.0 = Release|Any CPU
		{F16C7279-96FB-424D-951C-987B3237961A}.Release|x86.ActiveCfg = Release|Any CPU
		{F16C7279-96FB-424D-951C-987B3237961A}.Release|x86.Build.0 = Release|Any CPU
		{84759633-FA32-4D6D-867A-E261D6758F7D}.Debug|Any CPU.ActiveCfg = Debug|Any CPU
		{84759633-FA32-4D6D-867A-E261D6758F7D}.Debug|Any CPU.Build.0 = Debug|Any CPU
		{84759633-FA32-4D6D-867A-E261D6758F7D}.Debug|x64.ActiveCfg = Debug|Any CPU
		{84759633-FA32-4D6D-867A-E261D6758F7D}.Debug|x64.Build.0 = Debug|Any CPU
		{84759633-FA32-4D6D-867A-E261D6758F7D}.Debug|x86.ActiveCfg = Debug|Any CPU
		{84759633-FA32-4D6D-867A-E261D6758F7D}.Debug|x86.Build.0 = Debug|Any CPU
		{84759633-FA32-4D6D-867A-E261D6758F7D}.Release|Any CPU.ActiveCfg = Release|Any CPU
		{84759633-FA32-4D6D-867A-E261D6758F7D}.Release|Any CPU.Build.0 = Release|Any CPU
		{84759633-FA32-4D6D-867A-E261D6758F7D}.Release|x64.ActiveCfg = Release|Any CPU
		{84759633-FA32-4D6D-867A-E261D6758F7D}.Release|x64.Build.0 = Release|Any CPU
		{84759633-FA32-4D6D-867A-E261D6758F7D}.Release|x86.ActiveCfg = Release|Any CPU
		{84759633-FA32-4D6D-867A-E261D6758F7D}.Release|x86.Build.0 = Release|Any CPU
		{91520F35-DC6B-4C70-A622-C527BDB9EAB9}.Debug|Any CPU.ActiveCfg = Debug|Any CPU
		{91520F35-DC6B-4C70-A622-C527BDB9EAB9}.Debug|Any CPU.Build.0 = Debug|Any CPU
		{91520F35-DC6B-4C70-A622-C527BDB9EAB9}.Debug|x64.ActiveCfg = Debug|Any CPU
		{91520F35-DC6B-4C70-A622-C527BDB9EAB9}.Debug|x64.Build.0 = Debug|Any CPU
		{91520F35-DC6B-4C70-A622-C527BDB9EAB9}.Debug|x86.ActiveCfg = Debug|Any CPU
		{91520F35-DC6B-4C70-A622-C527BDB9EAB9}.Debug|x86.Build.0 = Debug|Any CPU
		{91520F35-DC6B-4C70-A622-C527BDB9EAB9}.Release|Any CPU.ActiveCfg = Release|Any CPU
		{91520F35-DC6B-4C70-A622-C527BDB9EAB9}.Release|Any CPU.Build.0 = Release|Any CPU
		{91520F35-DC6B-4C70-A622-C527BDB9EAB9}.Release|x64.ActiveCfg = Release|Any CPU
		{91520F35-DC6B-4C70-A622-C527BDB9EAB9}.Release|x64.Build.0 = Release|Any CPU
		{91520F35-DC6B-4C70-A622-C527BDB9EAB9}.Release|x86.ActiveCfg = Release|Any CPU
		{91520F35-DC6B-4C70-A622-C527BDB9EAB9}.Release|x86.Build.0 = Release|Any CPU
		{D71F5B3B-9675-439E-8FC0-D797BED3FDED}.Debug|Any CPU.ActiveCfg = Debug|Any CPU
		{D71F5B3B-9675-439E-8FC0-D797BED3FDED}.Debug|Any CPU.Build.0 = Debug|Any CPU
		{D71F5B3B-9675-439E-8FC0-D797BED3FDED}.Debug|x64.ActiveCfg = Debug|Any CPU
		{D71F5B3B-9675-439E-8FC0-D797BED3FDED}.Debug|x64.Build.0 = Debug|Any CPU
		{D71F5B3B-9675-439E-8FC0-D797BED3FDED}.Debug|x86.ActiveCfg = Debug|Any CPU
		{D71F5B3B-9675-439E-8FC0-D797BED3FDED}.Debug|x86.Build.0 = Debug|Any CPU
		{D71F5B3B-9675-439E-8FC0-D797BED3FDED}.Release|Any CPU.ActiveCfg = Release|Any CPU
		{D71F5B3B-9675-439E-8FC0-D797BED3FDED}.Release|Any CPU.Build.0 = Release|Any CPU
		{D71F5B3B-9675-439E-8FC0-D797BED3FDED}.Release|x64.ActiveCfg = Release|Any CPU
		{D71F5B3B-9675-439E-8FC0-D797BED3FDED}.Release|x64.Build.0 = Release|Any CPU
		{D71F5B3B-9675-439E-8FC0-D797BED3FDED}.Release|x86.ActiveCfg = Release|Any CPU
		{D71F5B3B-9675-439E-8FC0-D797BED3FDED}.Release|x86.Build.0 = Release|Any CPU
		{EDBCB722-EDFF-42BB-B904-C14381BA2774}.Debug|Any CPU.ActiveCfg = Debug|Any CPU
		{EDBCB722-EDFF-42BB-B904-C14381BA2774}.Debug|Any CPU.Build.0 = Debug|Any CPU
		{EDBCB722-EDFF-42BB-B904-C14381BA2774}.Debug|x64.ActiveCfg = Debug|Any CPU
		{EDBCB722-EDFF-42BB-B904-C14381BA2774}.Debug|x64.Build.0 = Debug|Any CPU
		{EDBCB722-EDFF-42BB-B904-C14381BA2774}.Debug|x86.ActiveCfg = Debug|Any CPU
		{EDBCB722-EDFF-42BB-B904-C14381BA2774}.Debug|x86.Build.0 = Debug|Any CPU
		{EDBCB722-EDFF-42BB-B904-C14381BA2774}.Release|Any CPU.ActiveCfg = Release|Any CPU
		{EDBCB722-EDFF-42BB-B904-C14381BA2774}.Release|Any CPU.Build.0 = Release|Any CPU
		{EDBCB722-EDFF-42BB-B904-C14381BA2774}.Release|x64.ActiveCfg = Release|Any CPU
		{EDBCB722-EDFF-42BB-B904-C14381BA2774}.Release|x64.Build.0 = Release|Any CPU
		{EDBCB722-EDFF-42BB-B904-C14381BA2774}.Release|x86.ActiveCfg = Release|Any CPU
		{EDBCB722-EDFF-42BB-B904-C14381BA2774}.Release|x86.Build.0 = Release|Any CPU
		{C310AC39-2066-4648-AFDB-77F61454DDF3}.Debug|Any CPU.ActiveCfg = Debug|Any CPU
		{C310AC39-2066-4648-AFDB-77F61454DDF3}.Debug|Any CPU.Build.0 = Debug|Any CPU
		{C310AC39-2066-4648-AFDB-77F61454DDF3}.Debug|x64.ActiveCfg = Debug|Any CPU
		{C310AC39-2066-4648-AFDB-77F61454DDF3}.Debug|x64.Build.0 = Debug|Any CPU
		{C310AC39-2066-4648-AFDB-77F61454DDF3}.Debug|x86.ActiveCfg = Debug|Any CPU
		{C310AC39-2066-4648-AFDB-77F61454DDF3}.Debug|x86.Build.0 = Debug|Any CPU
		{C310AC39-2066-4648-AFDB-77F61454DDF3}.Release|Any CPU.ActiveCfg = Release|Any CPU
		{C310AC39-2066-4648-AFDB-77F61454DDF3}.Release|Any CPU.Build.0 = Release|Any CPU
		{C310AC39-2066-4648-AFDB-77F61454DDF3}.Release|x64.ActiveCfg = Release|Any CPU
		{C310AC39-2066-4648-AFDB-77F61454DDF3}.Release|x64.Build.0 = Release|Any CPU
		{C310AC39-2066-4648-AFDB-77F61454DDF3}.Release|x86.ActiveCfg = Release|Any CPU
		{C310AC39-2066-4648-AFDB-77F61454DDF3}.Release|x86.Build.0 = Release|Any CPU
	EndGlobalSection
	GlobalSection(SolutionProperties) = preSolution
		HideSolutionNode = FALSE
	EndGlobalSection
	GlobalSection(NestedProjects) = preSolution
		{201A305A-3422-4E64-825B-3ED5AE1FAD7D} = {821E6BE8-9C8C-481D-93EC-4E5C331550F4}
		{F16C7279-96FB-424D-951C-987B3237961A} = {821E6BE8-9C8C-481D-93EC-4E5C331550F4}
		{84759633-FA32-4D6D-867A-E261D6758F7D} = {821E6BE8-9C8C-481D-93EC-4E5C331550F4}
		{91520F35-DC6B-4C70-A622-C527BDB9EAB9} = {821E6BE8-9C8C-481D-93EC-4E5C331550F4}
		{D71F5B3B-9675-439E-8FC0-D797BED3FDED} = {821E6BE8-9C8C-481D-93EC-4E5C331550F4}
		{EDBCB722-EDFF-42BB-B904-C14381BA2774} = {821E6BE8-9C8C-481D-93EC-4E5C331550F4}
		{C310AC39-2066-4648-AFDB-77F61454DDF3} = {B5D692A7-C5EF-4C4A-A9F7-F612895D54A3}
	EndGlobalSection
	GlobalSection(ExtensibilityGlobals) = postSolution
		SolutionGuid = {C9CE83BE-CBBB-489C-887B-E9AE019765DF}
	EndGlobalSection
EndGlobal
